// !$*UTF8*$!
{
	archiveVersion = 1;
	classes = {
	};
	objectVersion = 46;
	objects = {

/* Begin PBXBuildFile section */
		4800DEC01F473CA6009241B1 /* RatingControl.swift in Sources */ = {isa = PBXBuildFile; fileRef = 4800DEBF1F473CA6009241B1 /* RatingControl.swift */; };
		481769411F4B472300D69326 /* OperationalForm.swift in Sources */ = {isa = PBXBuildFile; fileRef = 481769401F4B472300D69326 /* OperationalForm.swift */; };
		481769431F4B646300D69326 /* MealTableViewCell.swift in Sources */ = {isa = PBXBuildFile; fileRef = 481769421F4B646300D69326 /* MealTableViewCell.swift */; };
		482BFD3D1F5706320075B758 /* OperationalFormCell.swift in Sources */ = {isa = PBXBuildFile; fileRef = 482BFD3C1F5706320075B758 /* OperationalFormCell.swift */; };
		482BFD451F5743DE0075B758 /* LoginViewController.swift in Sources */ = {isa = PBXBuildFile; fileRef = 482BFD441F5743DE0075B758 /* LoginViewController.swift */; };
		482BFD471F575C0E0075B758 /* Settings.bundle in Resources */ = {isa = PBXBuildFile; fileRef = 482BFD461F575C0E0075B758 /* Settings.bundle */; };
		482C096A1F61E2B000E64A5A /* ECDataEntryNavigationController.swift in Sources */ = {isa = PBXBuildFile; fileRef = 482C09691F61E2B000E64A5A /* ECDataEntryNavigationController.swift */; };
		482C09721F61E5C900E64A5A /* ECGridViewController.swift in Sources */ = {isa = PBXBuildFile; fileRef = 482C09711F61E5C900E64A5A /* ECGridViewController.swift */; };
		4830CAEB1F5F102A008DDDDA /* ECDataEntryViewController.swift in Sources */ = {isa = PBXBuildFile; fileRef = 4830CAEA1F5F102A008DDDDA /* ECDataEntryViewController.swift */; };
		4830D2D61F4DD00E00FF7EF6 /* SQLite.framework in Frameworks */ = {isa = PBXBuildFile; fileRef = 4830D2C81F4DCFC000FF7EF6 /* SQLite.framework */; };
		4830D2D71F4DD00E00FF7EF6 /* SQLite.framework in Embed Frameworks */ = {isa = PBXBuildFile; fileRef = 4830D2C81F4DCFC000FF7EF6 /* SQLite.framework */; settings = {ATTRIBUTES = (CodeSignOnCopy, RemoveHeadersOnCopy, ); }; };
		485C9A901F3E0E0400BA6CBD /* AppDelegate.swift in Sources */ = {isa = PBXBuildFile; fileRef = 485C9A8F1F3E0E0400BA6CBD /* AppDelegate.swift */; };
		485C9A921F3E0E0400BA6CBD /* MealViewController.swift in Sources */ = {isa = PBXBuildFile; fileRef = 485C9A911F3E0E0400BA6CBD /* MealViewController.swift */; };
		485C9A951F3E0E0400BA6CBD /* Main.storyboard in Resources */ = {isa = PBXBuildFile; fileRef = 485C9A931F3E0E0400BA6CBD /* Main.storyboard */; };
		485C9A971F3E0E0400BA6CBD /* Assets.xcassets in Resources */ = {isa = PBXBuildFile; fileRef = 485C9A961F3E0E0400BA6CBD /* Assets.xcassets */; };
		485C9A9A1F3E0E0400BA6CBD /* LaunchScreen.storyboard in Resources */ = {isa = PBXBuildFile; fileRef = 485C9A981F3E0E0400BA6CBD /* LaunchScreen.storyboard */; };
		485C9AA51F3E0E0400BA6CBD /* FoodTrackerTests.swift in Sources */ = {isa = PBXBuildFile; fileRef = 485C9AA41F3E0E0400BA6CBD /* FoodTrackerTests.swift */; };
		486186761F8556A2001C8E4F /* AssetSoftwareInfo.swift in Sources */ = {isa = PBXBuildFile; fileRef = 486186751F8556A2001C8E4F /* AssetSoftwareInfo.swift */; };
		486186781F855772001C8E4F /* Asset.swift in Sources */ = {isa = PBXBuildFile; fileRef = 486186771F855772001C8E4F /* Asset.swift */; };
		4861867A1F855A2A001C8E4F /* OFElementData.swift in Sources */ = {isa = PBXBuildFile; fileRef = 486186791F855A2A001C8E4F /* OFElementData.swift */; };
		4861867C1F855F6E001C8E4F /* OFLinkMedia.swift in Sources */ = {isa = PBXBuildFile; fileRef = 4861867B1F855F6E001C8E4F /* OFLinkMedia.swift */; };
		4861867E1F856B3A001C8E4F /* OFLinkOperationalForm.swift in Sources */ = {isa = PBXBuildFile; fileRef = 4861867D1F856B3A001C8E4F /* OFLinkOperationalForm.swift */; };
		486186801F856D57001C8E4F /* OFLinkRun.swift in Sources */ = {isa = PBXBuildFile; fileRef = 4861867F1F856D57001C8E4F /* OFLinkRun.swift */; };
		486186821F857275001C8E4F /* OFLinkUser.swift in Sources */ = {isa = PBXBuildFile; fileRef = 486186811F857275001C8E4F /* OFLinkUser.swift */; };
		486186841F8572A6001C8E4F /* OLUser.swift in Sources */ = {isa = PBXBuildFile; fileRef = 486186831F8572A6001C8E4F /* OLUser.swift */; };
		488A09CA1F4E182A00ADD2D1 /* oplynx.db in Resources */ = {isa = PBXBuildFile; fileRef = 488A09C91F4E182A00ADD2D1 /* oplynx.db */; };
		488A09CC1F4F8CAB00ADD2D1 /* CustomSearchBar.swift in Sources */ = {isa = PBXBuildFile; fileRef = 488A09CB1F4F8CAB00ADD2D1 /* CustomSearchBar.swift */; };
		489D08B61F54729800A93A56 /* CustomHorizontalStackView.swift in Sources */ = {isa = PBXBuildFile; fileRef = 489D08B51F54729800A93A56 /* CustomHorizontalStackView.swift */; };
		489D08BE1F54A18500A93A56 /* EntryControl.swift in Sources */ = {isa = PBXBuildFile; fileRef = 489D08BD1F54A18500A93A56 /* EntryControl.swift */; };
		48B457A01F4B69B4006D9DBF /* MealTableViewController.swift in Sources */ = {isa = PBXBuildFile; fileRef = 48B4579F1F4B69B4006D9DBF /* MealTableViewController.swift */; };
/* End PBXBuildFile section */

/* Begin PBXContainerItemProxy section */
		4830D2C71F4DCFC000FF7EF6 /* PBXContainerItemProxy */ = {
			isa = PBXContainerItemProxy;
			containerPortal = 4830D2BD1F4DCFBF00FF7EF6 /* SQLite.xcodeproj */;
			proxyType = 2;
			remoteGlobalIDString = EE247AD31C3F04ED00AE3E12;
			remoteInfo = "SQLite iOS";
		};
		4830D2C91F4DCFC000FF7EF6 /* PBXContainerItemProxy */ = {
			isa = PBXContainerItemProxy;
			containerPortal = 4830D2BD1F4DCFBF00FF7EF6 /* SQLite.xcodeproj */;
			proxyType = 2;
			remoteGlobalIDString = EE247ADD1C3F04ED00AE3E12;
			remoteInfo = "SQLiteTests iOS";
		};
		4830D2CB1F4DCFC000FF7EF6 /* PBXContainerItemProxy */ = {
			isa = PBXContainerItemProxy;
			containerPortal = 4830D2BD1F4DCFBF00FF7EF6 /* SQLite.xcodeproj */;
			proxyType = 2;
			remoteGlobalIDString = EE247B3C1C3F3ED000AE3E12;
			remoteInfo = "SQLite Mac";
		};
		4830D2CD1F4DCFC000FF7EF6 /* PBXContainerItemProxy */ = {
			isa = PBXContainerItemProxy;
			containerPortal = 4830D2BD1F4DCFBF00FF7EF6 /* SQLite.xcodeproj */;
			proxyType = 2;
			remoteGlobalIDString = EE247B451C3F3ED000AE3E12;
			remoteInfo = "SQLiteTests Mac";
		};
		4830D2CF1F4DCFC000FF7EF6 /* PBXContainerItemProxy */ = {
			isa = PBXContainerItemProxy;
			containerPortal = 4830D2BD1F4DCFBF00FF7EF6 /* SQLite.xcodeproj */;
			proxyType = 2;
			remoteGlobalIDString = 03A65E5A1C6BB0F50062603F;
			remoteInfo = "SQLite tvOS";
		};
		4830D2D11F4DCFC000FF7EF6 /* PBXContainerItemProxy */ = {
			isa = PBXContainerItemProxy;
			containerPortal = 4830D2BD1F4DCFBF00FF7EF6 /* SQLite.xcodeproj */;
			proxyType = 2;
			remoteGlobalIDString = 03A65E631C6BB0F60062603F;
			remoteInfo = "SQLiteTests tvOS";
		};
		4830D2D31F4DCFC000FF7EF6 /* PBXContainerItemProxy */ = {
			isa = PBXContainerItemProxy;
			containerPortal = 4830D2BD1F4DCFBF00FF7EF6 /* SQLite.xcodeproj */;
			proxyType = 2;
			remoteGlobalIDString = A121AC451CA35C79005A31D1;
			remoteInfo = "SQLite watchOS";
		};
		4830D2D81F4DD00E00FF7EF6 /* PBXContainerItemProxy */ = {
			isa = PBXContainerItemProxy;
			containerPortal = 4830D2BD1F4DCFBF00FF7EF6 /* SQLite.xcodeproj */;
			proxyType = 1;
			remoteGlobalIDString = EE247AD21C3F04ED00AE3E12;
			remoteInfo = "SQLite iOS";
		};
		485C9AA11F3E0E0400BA6CBD /* PBXContainerItemProxy */ = {
			isa = PBXContainerItemProxy;
			containerPortal = 485C9A841F3E0E0400BA6CBD /* Project object */;
			proxyType = 1;
			remoteGlobalIDString = 485C9A8B1F3E0E0400BA6CBD;
			remoteInfo = FoodTracker;
		};
/* End PBXContainerItemProxy section */

/* Begin PBXCopyFilesBuildPhase section */
		4830D2DA1F4DD00E00FF7EF6 /* Embed Frameworks */ = {
			isa = PBXCopyFilesBuildPhase;
			buildActionMask = 2147483647;
			dstPath = "";
			dstSubfolderSpec = 10;
			files = (
				4830D2D71F4DD00E00FF7EF6 /* SQLite.framework in Embed Frameworks */,
			);
			name = "Embed Frameworks";
			runOnlyForDeploymentPostprocessing = 0;
		};
/* End PBXCopyFilesBuildPhase section */

/* Begin PBXFileReference section */
		4800DEBF1F473CA6009241B1 /* RatingControl.swift */ = {isa = PBXFileReference; fileEncoding = 4; lastKnownFileType = sourcecode.swift; path = RatingControl.swift; sourceTree = "<group>"; };
		481769401F4B472300D69326 /* OperationalForm.swift */ = {isa = PBXFileReference; fileEncoding = 4; lastKnownFileType = sourcecode.swift; name = OperationalForm.swift; path = ../OperationalForm.swift; sourceTree = "<group>"; };
		481769421F4B646300D69326 /* MealTableViewCell.swift */ = {isa = PBXFileReference; fileEncoding = 4; lastKnownFileType = sourcecode.swift; path = MealTableViewCell.swift; sourceTree = "<group>"; };
		482BFD3C1F5706320075B758 /* OperationalFormCell.swift */ = {isa = PBXFileReference; fileEncoding = 4; lastKnownFileType = sourcecode.swift; path = OperationalFormCell.swift; sourceTree = "<group>"; };
		482BFD441F5743DE0075B758 /* LoginViewController.swift */ = {isa = PBXFileReference; fileEncoding = 4; lastKnownFileType = sourcecode.swift; path = LoginViewController.swift; sourceTree = "<group>"; };
		482BFD461F575C0E0075B758 /* Settings.bundle */ = {isa = PBXFileReference; lastKnownFileType = "wrapper.plug-in"; path = Settings.bundle; sourceTree = "<group>"; };
		482C09691F61E2B000E64A5A /* ECDataEntryNavigationController.swift */ = {isa = PBXFileReference; fileEncoding = 4; lastKnownFileType = sourcecode.swift; path = ECDataEntryNavigationController.swift; sourceTree = "<group>"; };
		482C09711F61E5C900E64A5A /* ECGridViewController.swift */ = {isa = PBXFileReference; fileEncoding = 4; lastKnownFileType = sourcecode.swift; path = ECGridViewController.swift; sourceTree = "<group>"; };
		4830CAEA1F5F102A008DDDDA /* ECDataEntryViewController.swift */ = {isa = PBXFileReference; fileEncoding = 4; lastKnownFileType = sourcecode.swift; path = ECDataEntryViewController.swift; sourceTree = "<group>"; };
		4830D2BD1F4DCFBF00FF7EF6 /* SQLite.xcodeproj */ = {isa = PBXFileReference; lastKnownFileType = "wrapper.pb-project"; name = SQLite.xcodeproj; path = "../SQLite.swift-master/SQLite.xcodeproj"; sourceTree = "<group>"; };
		485C9A8C1F3E0E0400BA6CBD /* FoodTracker.app */ = {isa = PBXFileReference; explicitFileType = wrapper.application; includeInIndex = 0; path = FoodTracker.app; sourceTree = BUILT_PRODUCTS_DIR; };
		485C9A8F1F3E0E0400BA6CBD /* AppDelegate.swift */ = {isa = PBXFileReference; lastKnownFileType = sourcecode.swift; path = AppDelegate.swift; sourceTree = "<group>"; };
		485C9A911F3E0E0400BA6CBD /* MealViewController.swift */ = {isa = PBXFileReference; lastKnownFileType = sourcecode.swift; path = MealViewController.swift; sourceTree = "<group>"; };
		485C9A941F3E0E0400BA6CBD /* Base */ = {isa = PBXFileReference; lastKnownFileType = file.storyboard; name = Base; path = Base.lproj/Main.storyboard; sourceTree = "<group>"; };
		485C9A961F3E0E0400BA6CBD /* Assets.xcassets */ = {isa = PBXFileReference; lastKnownFileType = folder.assetcatalog; path = Assets.xcassets; sourceTree = "<group>"; };
		485C9A991F3E0E0400BA6CBD /* Base */ = {isa = PBXFileReference; lastKnownFileType = file.storyboard; name = Base; path = Base.lproj/LaunchScreen.storyboard; sourceTree = "<group>"; };
		485C9A9B1F3E0E0400BA6CBD /* Info.plist */ = {isa = PBXFileReference; lastKnownFileType = text.plist.xml; path = Info.plist; sourceTree = "<group>"; };
		485C9AA01F3E0E0400BA6CBD /* FoodTrackerTests.xctest */ = {isa = PBXFileReference; explicitFileType = wrapper.cfbundle; includeInIndex = 0; path = FoodTrackerTests.xctest; sourceTree = BUILT_PRODUCTS_DIR; };
		485C9AA41F3E0E0400BA6CBD /* FoodTrackerTests.swift */ = {isa = PBXFileReference; lastKnownFileType = sourcecode.swift; path = FoodTrackerTests.swift; sourceTree = "<group>"; };
		485C9AA61F3E0E0400BA6CBD /* Info.plist */ = {isa = PBXFileReference; lastKnownFileType = text.plist.xml; path = Info.plist; sourceTree = "<group>"; };
		486186751F8556A2001C8E4F /* AssetSoftwareInfo.swift */ = {isa = PBXFileReference; fileEncoding = 4; lastKnownFileType = sourcecode.swift; path = AssetSoftwareInfo.swift; sourceTree = "<group>"; };
		486186771F855772001C8E4F /* Asset.swift */ = {isa = PBXFileReference; fileEncoding = 4; lastKnownFileType = sourcecode.swift; path = Asset.swift; sourceTree = "<group>"; };
		486186791F855A2A001C8E4F /* OFElementData.swift */ = {isa = PBXFileReference; fileEncoding = 4; lastKnownFileType = sourcecode.swift; path = OFElementData.swift; sourceTree = "<group>"; };
		4861867B1F855F6E001C8E4F /* OFLinkMedia.swift */ = {isa = PBXFileReference; fileEncoding = 4; lastKnownFileType = sourcecode.swift; path = OFLinkMedia.swift; sourceTree = "<group>"; };
		4861867D1F856B3A001C8E4F /* OFLinkOperationalForm.swift */ = {isa = PBXFileReference; fileEncoding = 4; lastKnownFileType = sourcecode.swift; path = OFLinkOperationalForm.swift; sourceTree = "<group>"; };
		4861867F1F856D57001C8E4F /* OFLinkRun.swift */ = {isa = PBXFileReference; fileEncoding = 4; lastKnownFileType = sourcecode.swift; path = OFLinkRun.swift; sourceTree = "<group>"; };
		486186811F857275001C8E4F /* OFLinkUser.swift */ = {isa = PBXFileReference; fileEncoding = 4; lastKnownFileType = sourcecode.swift; path = OFLinkUser.swift; sourceTree = "<group>"; };
		486186831F8572A6001C8E4F /* OLUser.swift */ = {isa = PBXFileReference; fileEncoding = 4; lastKnownFileType = sourcecode.swift; path = OLUser.swift; sourceTree = "<group>"; };
		488A09C91F4E182A00ADD2D1 /* oplynx.db */ = {isa = PBXFileReference; lastKnownFileType = file; path = oplynx.db; sourceTree = SOURCE_ROOT; };
		488A09CB1F4F8CAB00ADD2D1 /* CustomSearchBar.swift */ = {isa = PBXFileReference; fileEncoding = 4; lastKnownFileType = sourcecode.swift; path = CustomSearchBar.swift; sourceTree = "<group>"; };
		489D08B51F54729800A93A56 /* CustomHorizontalStackView.swift */ = {isa = PBXFileReference; fileEncoding = 4; lastKnownFileType = sourcecode.swift; path = CustomHorizontalStackView.swift; sourceTree = "<group>"; };
		489D08BD1F54A18500A93A56 /* EntryControl.swift */ = {isa = PBXFileReference; fileEncoding = 4; lastKnownFileType = sourcecode.swift; path = EntryControl.swift; sourceTree = "<group>"; };
		48B4579F1F4B69B4006D9DBF /* MealTableViewController.swift */ = {isa = PBXFileReference; fileEncoding = 4; lastKnownFileType = sourcecode.swift; path = MealTableViewController.swift; sourceTree = "<group>"; };
/* End PBXFileReference section */

/* Begin PBXFrameworksBuildPhase section */
		485C9A891F3E0E0400BA6CBD /* Frameworks */ = {
			isa = PBXFrameworksBuildPhase;
			buildActionMask = 2147483647;
			files = (
				4830D2D61F4DD00E00FF7EF6 /* SQLite.framework in Frameworks */,
			);
			runOnlyForDeploymentPostprocessing = 0;
		};
		485C9A9D1F3E0E0400BA6CBD /* Frameworks */ = {
			isa = PBXFrameworksBuildPhase;
			buildActionMask = 2147483647;
			files = (
			);
			runOnlyForDeploymentPostprocessing = 0;
		};
/* End PBXFrameworksBuildPhase section */

/* Begin PBXGroup section */
		4830D2BE1F4DCFBF00FF7EF6 /* Products */ = {
			isa = PBXGroup;
			children = (
				4830D2C81F4DCFC000FF7EF6 /* SQLite.framework */,
				4830D2CA1F4DCFC000FF7EF6 /* SQLiteTests iOS.xctest */,
				4830D2CC1F4DCFC000FF7EF6 /* SQLite.framework */,
				4830D2CE1F4DCFC000FF7EF6 /* SQLiteTests Mac.xctest */,
				4830D2D01F4DCFC000FF7EF6 /* SQLite.framework */,
				4830D2D21F4DCFC000FF7EF6 /* SQLiteTests tvOS.xctest */,
				4830D2D41F4DCFC000FF7EF6 /* SQLite.framework */,
			);
			name = Products;
			sourceTree = "<group>";
		};
		485C9A831F3E0E0400BA6CBD = {
			isa = PBXGroup;
			children = (
				485C9A8E1F3E0E0400BA6CBD /* FoodTracker */,
				485C9AA31F3E0E0400BA6CBD /* FoodTrackerTests */,
				485C9A8D1F3E0E0400BA6CBD /* Products */,
				4830D2BD1F4DCFBF00FF7EF6 /* SQLite.xcodeproj */,
			);
			sourceTree = "<group>";
		};
		485C9A8D1F3E0E0400BA6CBD /* Products */ = {
			isa = PBXGroup;
			children = (
				485C9A8C1F3E0E0400BA6CBD /* FoodTracker.app */,
				485C9AA01F3E0E0400BA6CBD /* FoodTrackerTests.xctest */,
			);
			name = Products;
			sourceTree = "<group>";
		};
		485C9A8E1F3E0E0400BA6CBD /* FoodTracker */ = {
			isa = PBXGroup;
			children = (
				486186701F8542D9001C8E4F /* DataElements */,
				485C9A8F1F3E0E0400BA6CBD /* AppDelegate.swift */,
				485C9A911F3E0E0400BA6CBD /* MealViewController.swift */,
				482BFD441F5743DE0075B758 /* LoginViewController.swift */,
				4800DEBF1F473CA6009241B1 /* RatingControl.swift */,
				482BFD3C1F5706320075B758 /* OperationalFormCell.swift */,
				481769421F4B646300D69326 /* MealTableViewCell.swift */,
				485C9A931F3E0E0400BA6CBD /* Main.storyboard */,
				482C09711F61E5C900E64A5A /* ECGridViewController.swift */,
				482C09691F61E2B000E64A5A /* ECDataEntryNavigationController.swift */,
				489D08BD1F54A18500A93A56 /* EntryControl.swift */,
				4830CAEA1F5F102A008DDDDA /* ECDataEntryViewController.swift */,
				489D08B51F54729800A93A56 /* CustomHorizontalStackView.swift */,
				488A09CB1F4F8CAB00ADD2D1 /* CustomSearchBar.swift */,
				48B4579F1F4B69B4006D9DBF /* MealTableViewController.swift */,
				485C9A961F3E0E0400BA6CBD /* Assets.xcassets */,
				482BFD461F575C0E0075B758 /* Settings.bundle */,
				485C9A981F3E0E0400BA6CBD /* LaunchScreen.storyboard */,
				485C9A9B1F3E0E0400BA6CBD /* Info.plist */,
				488A09C91F4E182A00ADD2D1 /* oplynx.db */,
			);
			path = FoodTracker;
			sourceTree = "<group>";
		};
		485C9AA31F3E0E0400BA6CBD /* FoodTrackerTests */ = {
			isa = PBXGroup;
			children = (
				485C9AA41F3E0E0400BA6CBD /* FoodTrackerTests.swift */,
				485C9AA61F3E0E0400BA6CBD /* Info.plist */,
			);
			path = FoodTrackerTests;
			sourceTree = "<group>";
		};
		486186701F8542D9001C8E4F /* DataElements */ = {
			isa = PBXGroup;
			children = (
				486186771F855772001C8E4F /* Asset.swift */,
				486186751F8556A2001C8E4F /* AssetSoftwareInfo.swift */,
				486186791F855A2A001C8E4F /* OFElementData.swift */,
				4861867B1F855F6E001C8E4F /* OFLinkMedia.swift */,
				4861867D1F856B3A001C8E4F /* OFLinkOperationalForm.swift */,
				4861867F1F856D57001C8E4F /* OFLinkRun.swift */,
				486186811F857275001C8E4F /* OFLinkUser.swift */,
				486186831F8572A6001C8E4F /* OLUser.swift */,
				481769401F4B472300D69326 /* OperationalForm.swift */,
			);
			name = DataElements;
			sourceTree = "<group>";
		};
/* End PBXGroup section */

/* Begin PBXNativeTarget section */
		485C9A8B1F3E0E0400BA6CBD /* FoodTracker */ = {
			isa = PBXNativeTarget;
			buildConfigurationList = 485C9AA91F3E0E0400BA6CBD /* Build configuration list for PBXNativeTarget "FoodTracker" */;
			buildPhases = (
				485C9A881F3E0E0400BA6CBD /* Sources */,
				485C9A891F3E0E0400BA6CBD /* Frameworks */,
				485C9A8A1F3E0E0400BA6CBD /* Resources */,
				4830D2DA1F4DD00E00FF7EF6 /* Embed Frameworks */,
			);
			buildRules = (
			);
			dependencies = (
				4830D2D91F4DD00E00FF7EF6 /* PBXTargetDependency */,
			);
			name = FoodTracker;
			productName = FoodTracker;
			productReference = 485C9A8C1F3E0E0400BA6CBD /* FoodTracker.app */;
			productType = "com.apple.product-type.application";
		};
		485C9A9F1F3E0E0400BA6CBD /* FoodTrackerTests */ = {
			isa = PBXNativeTarget;
			buildConfigurationList = 485C9AAC1F3E0E0400BA6CBD /* Build configuration list for PBXNativeTarget "FoodTrackerTests" */;
			buildPhases = (
				485C9A9C1F3E0E0400BA6CBD /* Sources */,
				485C9A9D1F3E0E0400BA6CBD /* Frameworks */,
				485C9A9E1F3E0E0400BA6CBD /* Resources */,
			);
			buildRules = (
			);
			dependencies = (
				485C9AA21F3E0E0400BA6CBD /* PBXTargetDependency */,
			);
			name = FoodTrackerTests;
			productName = FoodTrackerTests;
			productReference = 485C9AA01F3E0E0400BA6CBD /* FoodTrackerTests.xctest */;
			productType = "com.apple.product-type.bundle.unit-test";
		};
/* End PBXNativeTarget section */

/* Begin PBXProject section */
		485C9A841F3E0E0400BA6CBD /* Project object */ = {
			isa = PBXProject;
			attributes = {
				LastSwiftUpdateCheck = 0830;
				LastUpgradeCheck = 0830;
				ORGANIZATIONNAME = CIS;
				TargetAttributes = {
					485C9A8B1F3E0E0400BA6CBD = {
						CreatedOnToolsVersion = 8.3.3;
						DevelopmentTeam = 6DNC8JVCSU;
						ProvisioningStyle = Automatic;
					};
					485C9A9F1F3E0E0400BA6CBD = {
						CreatedOnToolsVersion = 8.3.3;
						ProvisioningStyle = Automatic;
						TestTargetID = 485C9A8B1F3E0E0400BA6CBD;
					};
				};
			};
			buildConfigurationList = 485C9A871F3E0E0400BA6CBD /* Build configuration list for PBXProject "FoodTracker" */;
			compatibilityVersion = "Xcode 3.2";
			developmentRegion = English;
			hasScannedForEncodings = 0;
			knownRegions = (
				en,
				Base,
			);
			mainGroup = 485C9A831F3E0E0400BA6CBD;
			productRefGroup = 485C9A8D1F3E0E0400BA6CBD /* Products */;
			projectDirPath = "";
			projectReferences = (
				{
					ProductGroup = 4830D2BE1F4DCFBF00FF7EF6 /* Products */;
					ProjectRef = 4830D2BD1F4DCFBF00FF7EF6 /* SQLite.xcodeproj */;
				},
			);
			projectRoot = "";
			targets = (
				485C9A8B1F3E0E0400BA6CBD /* FoodTracker */,
				485C9A9F1F3E0E0400BA6CBD /* FoodTrackerTests */,
			);
		};
/* End PBXProject section */

/* Begin PBXReferenceProxy section */
		4830D2C81F4DCFC000FF7EF6 /* SQLite.framework */ = {
			isa = PBXReferenceProxy;
			fileType = wrapper.framework;
			path = SQLite.framework;
			remoteRef = 4830D2C71F4DCFC000FF7EF6 /* PBXContainerItemProxy */;
			sourceTree = BUILT_PRODUCTS_DIR;
		};
		4830D2CA1F4DCFC000FF7EF6 /* SQLiteTests iOS.xctest */ = {
			isa = PBXReferenceProxy;
			fileType = wrapper.cfbundle;
			path = "SQLiteTests iOS.xctest";
			remoteRef = 4830D2C91F4DCFC000FF7EF6 /* PBXContainerItemProxy */;
			sourceTree = BUILT_PRODUCTS_DIR;
		};
		4830D2CC1F4DCFC000FF7EF6 /* SQLite.framework */ = {
			isa = PBXReferenceProxy;
			fileType = wrapper.framework;
			path = SQLite.framework;
			remoteRef = 4830D2CB1F4DCFC000FF7EF6 /* PBXContainerItemProxy */;
			sourceTree = BUILT_PRODUCTS_DIR;
		};
		4830D2CE1F4DCFC000FF7EF6 /* SQLiteTests Mac.xctest */ = {
			isa = PBXReferenceProxy;
			fileType = wrapper.cfbundle;
			path = "SQLiteTests Mac.xctest";
			remoteRef = 4830D2CD1F4DCFC000FF7EF6 /* PBXContainerItemProxy */;
			sourceTree = BUILT_PRODUCTS_DIR;
		};
		4830D2D01F4DCFC000FF7EF6 /* SQLite.framework */ = {
			isa = PBXReferenceProxy;
			fileType = wrapper.framework;
			path = SQLite.framework;
			remoteRef = 4830D2CF1F4DCFC000FF7EF6 /* PBXContainerItemProxy */;
			sourceTree = BUILT_PRODUCTS_DIR;
		};
		4830D2D21F4DCFC000FF7EF6 /* SQLiteTests tvOS.xctest */ = {
			isa = PBXReferenceProxy;
			fileType = wrapper.cfbundle;
			path = "SQLiteTests tvOS.xctest";
			remoteRef = 4830D2D11F4DCFC000FF7EF6 /* PBXContainerItemProxy */;
			sourceTree = BUILT_PRODUCTS_DIR;
		};
		4830D2D41F4DCFC000FF7EF6 /* SQLite.framework */ = {
			isa = PBXReferenceProxy;
			fileType = wrapper.framework;
			path = SQLite.framework;
			remoteRef = 4830D2D31F4DCFC000FF7EF6 /* PBXContainerItemProxy */;
			sourceTree = BUILT_PRODUCTS_DIR;
		};
/* End PBXReferenceProxy section */

/* Begin PBXResourcesBuildPhase section */
		485C9A8A1F3E0E0400BA6CBD /* Resources */ = {
			isa = PBXResourcesBuildPhase;
			buildActionMask = 2147483647;
			files = (
				485C9A9A1F3E0E0400BA6CBD /* LaunchScreen.storyboard in Resources */,
				485C9A971F3E0E0400BA6CBD /* Assets.xcassets in Resources */,
				482BFD471F575C0E0075B758 /* Settings.bundle in Resources */,
				485C9A951F3E0E0400BA6CBD /* Main.storyboard in Resources */,
				488A09CA1F4E182A00ADD2D1 /* oplynx.db in Resources */,
			);
			runOnlyForDeploymentPostprocessing = 0;
		};
		485C9A9E1F3E0E0400BA6CBD /* Resources */ = {
			isa = PBXResourcesBuildPhase;
			buildActionMask = 2147483647;
			files = (
			);
			runOnlyForDeploymentPostprocessing = 0;
		};
/* End PBXResourcesBuildPhase section */

/* Begin PBXSourcesBuildPhase section */
		485C9A881F3E0E0400BA6CBD /* Sources */ = {
			isa = PBXSourcesBuildPhase;
			buildActionMask = 2147483647;
			files = (
				489D08B61F54729800A93A56 /* CustomHorizontalStackView.swift in Sources */,
				488A09CC1F4F8CAB00ADD2D1 /* CustomSearchBar.swift in Sources */,
				486186801F856D57001C8E4F /* OFLinkRun.swift in Sources */,
				481769411F4B472300D69326 /* OperationalForm.swift in Sources */,
				486186821F857275001C8E4F /* OFLinkUser.swift in Sources */,
				482C096A1F61E2B000E64A5A /* ECDataEntryNavigationController.swift in Sources */,
				485C9A921F3E0E0400BA6CBD /* MealViewController.swift in Sources */,
				4861867E1F856B3A001C8E4F /* OFLinkOperationalForm.swift in Sources */,
				4800DEC01F473CA6009241B1 /* RatingControl.swift in Sources */,
				489D08BE1F54A18500A93A56 /* EntryControl.swift in Sources */,
				485C9A901F3E0E0400BA6CBD /* AppDelegate.swift in Sources */,
				48B457A01F4B69B4006D9DBF /* MealTableViewController.swift in Sources */,
				4861867A1F855A2A001C8E4F /* OFElementData.swift in Sources */,
				486186761F8556A2001C8E4F /* AssetSoftwareInfo.swift in Sources */,
				4861867C1F855F6E001C8E4F /* OFLinkMedia.swift in Sources */,
				486186841F8572A6001C8E4F /* OLUser.swift in Sources */,
				482BFD3D1F5706320075B758 /* OperationalFormCell.swift in Sources */,
				486186781F855772001C8E4F /* Asset.swift in Sources */,
				4830CAEB1F5F102A008DDDDA /* ECDataEntryViewController.swift in Sources */,
				481769431F4B646300D69326 /* MealTableViewCell.swift in Sources */,
				482C09721F61E5C900E64A5A /* ECGridViewController.swift in Sources */,
				482BFD451F5743DE0075B758 /* LoginViewController.swift in Sources */,
			);
			runOnlyForDeploymentPostprocessing = 0;
		};
		485C9A9C1F3E0E0400BA6CBD /* Sources */ = {
			isa = PBXSourcesBuildPhase;
			buildActionMask = 2147483647;
			files = (
				485C9AA51F3E0E0400BA6CBD /* FoodTrackerTests.swift in Sources */,
			);
			runOnlyForDeploymentPostprocessing = 0;
		};
/* End PBXSourcesBuildPhase section */

/* Begin PBXTargetDependency section */
		4830D2D91F4DD00E00FF7EF6 /* PBXTargetDependency */ = {
			isa = PBXTargetDependency;
			name = "SQLite iOS";
			targetProxy = 4830D2D81F4DD00E00FF7EF6 /* PBXContainerItemProxy */;
		};
		485C9AA21F3E0E0400BA6CBD /* PBXTargetDependency */ = {
			isa = PBXTargetDependency;
			target = 485C9A8B1F3E0E0400BA6CBD /* FoodTracker */;
			targetProxy = 485C9AA11F3E0E0400BA6CBD /* PBXContainerItemProxy */;
		};
/* End PBXTargetDependency section */

/* Begin PBXVariantGroup section */
		485C9A931F3E0E0400BA6CBD /* Main.storyboard */ = {
			isa = PBXVariantGroup;
			children = (
				485C9A941F3E0E0400BA6CBD /* Base */,
			);
			name = Main.storyboard;
			sourceTree = "<group>";
		};
		485C9A981F3E0E0400BA6CBD /* LaunchScreen.storyboard */ = {
			isa = PBXVariantGroup;
			children = (
				485C9A991F3E0E0400BA6CBD /* Base */,
			);
			name = LaunchScreen.storyboard;
			sourceTree = "<group>";
		};
/* End PBXVariantGroup section */

/* Begin XCBuildConfiguration section */
		485C9AA71F3E0E0400BA6CBD /* Debug */ = {
			isa = XCBuildConfiguration;
			buildSettings = {
				ALWAYS_SEARCH_USER_PATHS = NO;
				CLANG_ANALYZER_NONNULL = YES;
				CLANG_ANALYZER_NUMBER_OBJECT_CONVERSION = YES_AGGRESSIVE;
				CLANG_CXX_LANGUAGE_STANDARD = "gnu++0x";
				CLANG_CXX_LIBRARY = "libc++";
				CLANG_ENABLE_MODULES = YES;
				CLANG_ENABLE_OBJC_ARC = YES;
				CLANG_WARN_BOOL_CONVERSION = YES;
				CLANG_WARN_CONSTANT_CONVERSION = YES;
				CLANG_WARN_DIRECT_OBJC_ISA_USAGE = YES_ERROR;
				CLANG_WARN_DOCUMENTATION_COMMENTS = YES;
				CLANG_WARN_EMPTY_BODY = YES;
				CLANG_WARN_ENUM_CONVERSION = YES;
				CLANG_WARN_INFINITE_RECURSION = YES;
				CLANG_WARN_INT_CONVERSION = YES;
				CLANG_WARN_OBJC_ROOT_CLASS = YES_ERROR;
				CLANG_WARN_SUSPICIOUS_MOVE = YES;
				CLANG_WARN_UNREACHABLE_CODE = YES;
				CLANG_WARN__DUPLICATE_METHOD_MATCH = YES;
				"CODE_SIGN_IDENTITY[sdk=iphoneos*]" = "iPhone Developer";
				COPY_PHASE_STRIP = NO;
				DEBUG_INFORMATION_FORMAT = dwarf;
				ENABLE_STRICT_OBJC_MSGSEND = YES;
				ENABLE_TESTABILITY = YES;
				GCC_C_LANGUAGE_STANDARD = gnu99;
				GCC_DYNAMIC_NO_PIC = NO;
				GCC_NO_COMMON_BLOCKS = YES;
				GCC_OPTIMIZATION_LEVEL = 0;
				GCC_PREPROCESSOR_DEFINITIONS = (
					"DEBUG=1",
					"$(inherited)",
				);
				GCC_WARN_64_TO_32_BIT_CONVERSION = YES;
				GCC_WARN_ABOUT_RETURN_TYPE = YES_ERROR;
				GCC_WARN_UNDECLARED_SELECTOR = YES;
				GCC_WARN_UNINITIALIZED_AUTOS = YES_AGGRESSIVE;
				GCC_WARN_UNUSED_FUNCTION = YES;
				GCC_WARN_UNUSED_VARIABLE = YES;
				IPHONEOS_DEPLOYMENT_TARGET = 10.3;
				MTL_ENABLE_DEBUG_INFO = YES;
				ONLY_ACTIVE_ARCH = YES;
				SDKROOT = iphoneos;
				SWIFT_ACTIVE_COMPILATION_CONDITIONS = DEBUG;
				SWIFT_OPTIMIZATION_LEVEL = "-Onone";
				TARGETED_DEVICE_FAMILY = "1,2";
			};
			name = Debug;
		};
		485C9AA81F3E0E0400BA6CBD /* Release */ = {
			isa = XCBuildConfiguration;
			buildSettings = {
				ALWAYS_SEARCH_USER_PATHS = NO;
				CLANG_ANALYZER_NONNULL = YES;
				CLANG_ANALYZER_NUMBER_OBJECT_CONVERSION = YES_AGGRESSIVE;
				CLANG_CXX_LANGUAGE_STANDARD = "gnu++0x";
				CLANG_CXX_LIBRARY = "libc++";
				CLANG_ENABLE_MODULES = YES;
				CLANG_ENABLE_OBJC_ARC = YES;
				CLANG_WARN_BOOL_CONVERSION = YES;
				CLANG_WARN_CONSTANT_CONVERSION = YES;
				CLANG_WARN_DIRECT_OBJC_ISA_USAGE = YES_ERROR;
				CLANG_WARN_DOCUMENTATION_COMMENTS = YES;
				CLANG_WARN_EMPTY_BODY = YES;
				CLANG_WARN_ENUM_CONVERSION = YES;
				CLANG_WARN_INFINITE_RECURSION = YES;
				CLANG_WARN_INT_CONVERSION = YES;
				CLANG_WARN_OBJC_ROOT_CLASS = YES_ERROR;
				CLANG_WARN_SUSPICIOUS_MOVE = YES;
				CLANG_WARN_UNREACHABLE_CODE = YES;
				CLANG_WARN__DUPLICATE_METHOD_MATCH = YES;
				"CODE_SIGN_IDENTITY[sdk=iphoneos*]" = "iPhone Developer";
				COPY_PHASE_STRIP = NO;
				DEBUG_INFORMATION_FORMAT = "dwarf-with-dsym";
				ENABLE_NS_ASSERTIONS = NO;
				ENABLE_STRICT_OBJC_MSGSEND = YES;
				GCC_C_LANGUAGE_STANDARD = gnu99;
				GCC_NO_COMMON_BLOCKS = YES;
				GCC_WARN_64_TO_32_BIT_CONVERSION = YES;
				GCC_WARN_ABOUT_RETURN_TYPE = YES_ERROR;
				GCC_WARN_UNDECLARED_SELECTOR = YES;
				GCC_WARN_UNINITIALIZED_AUTOS = YES_AGGRESSIVE;
				GCC_WARN_UNUSED_FUNCTION = YES;
				GCC_WARN_UNUSED_VARIABLE = YES;
				IPHONEOS_DEPLOYMENT_TARGET = 10.3;
				MTL_ENABLE_DEBUG_INFO = NO;
				SDKROOT = iphoneos;
				SWIFT_OPTIMIZATION_LEVEL = "-Owholemodule";
				TARGETED_DEVICE_FAMILY = "1,2";
				VALIDATE_PRODUCT = YES;
			};
			name = Release;
		};
		485C9AAA1F3E0E0400BA6CBD /* Debug */ = {
			isa = XCBuildConfiguration;
			buildSettings = {
				ALWAYS_EMBED_SWIFT_STANDARD_LIBRARIES = YES;
				ASSETCATALOG_COMPILER_APPICON_NAME = AppIcon;
				DEVELOPMENT_TEAM = 6DNC8JVCSU;
				INFOPLIST_FILE = FoodTracker/Info.plist;
				LD_RUNPATH_SEARCH_PATHS = "$(inherited) @executable_path/Frameworks";
				PRODUCT_BUNDLE_IDENTIFIER = cis.FoodTracker;
				PRODUCT_NAME = "$(TARGET_NAME)";
				SWIFT_VERSION = 3.0;
			};
			name = Debug;
		};
		485C9AAB1F3E0E0400BA6CBD /* Release */ = {
			isa = XCBuildConfiguration;
			buildSettings = {
				ALWAYS_EMBED_SWIFT_STANDARD_LIBRARIES = YES;
				ASSETCATALOG_COMPILER_APPICON_NAME = AppIcon;
				DEVELOPMENT_TEAM = 6DNC8JVCSU;
				INFOPLIST_FILE = FoodTracker/Info.plist;
				LD_RUNPATH_SEARCH_PATHS = "$(inherited) @executable_path/Frameworks";
				PRODUCT_BUNDLE_IDENTIFIER = cis.FoodTracker;
				PRODUCT_NAME = "$(TARGET_NAME)";
				SWIFT_VERSION = 3.0;
			};
			name = Release;
		};
		485C9AAD1F3E0E0400BA6CBD /* Debug */ = {
			isa = XCBuildConfiguration;
			buildSettings = {
				ALWAYS_EMBED_SWIFT_STANDARD_LIBRARIES = YES;
				BUNDLE_LOADER = "$(TEST_HOST)";
				INFOPLIST_FILE = FoodTrackerTests/Info.plist;
				LD_RUNPATH_SEARCH_PATHS = "$(inherited) @executable_path/Frameworks @loader_path/Frameworks";
				PRODUCT_BUNDLE_IDENTIFIER = cis.FoodTrackerTests;
				PRODUCT_NAME = "$(TARGET_NAME)";
				SWIFT_VERSION = 3.0;
				TEST_HOST = "$(BUILT_PRODUCTS_DIR)/FoodTracker.app/FoodTracker";
			};
			name = Debug;
		};
		485C9AAE1F3E0E0400BA6CBD /* Release */ = {
			isa = XCBuildConfiguration;
			buildSettings = {
				ALWAYS_EMBED_SWIFT_STANDARD_LIBRARIES = YES;
				BUNDLE_LOADER = "$(TEST_HOST)";
				INFOPLIST_FILE = FoodTrackerTests/Info.plist;
				LD_RUNPATH_SEARCH_PATHS = "$(inherited) @executable_path/Frameworks @loader_path/Frameworks";
				PRODUCT_BUNDLE_IDENTIFIER = cis.FoodTrackerTests;
				PRODUCT_NAME = "$(TARGET_NAME)";
				SWIFT_VERSION = 3.0;
				TEST_HOST = "$(BUILT_PRODUCTS_DIR)/FoodTracker.app/FoodTracker";
			};
			name = Release;
		};
/* End XCBuildConfiguration section */

/* Begin XCConfigurationList section */
		485C9A871F3E0E0400BA6CBD /* Build configuration list for PBXProject "FoodTracker" */ = {
			isa = XCConfigurationList;
			buildConfigurations = (
				485C9AA71F3E0E0400BA6CBD /* Debug */,
				485C9AA81F3E0E0400BA6CBD /* Release */,
			);
			defaultConfigurationIsVisible = 0;
			defaultConfigurationName = Release;
		};
		485C9AA91F3E0E0400BA6CBD /* Build configuration list for PBXNativeTarget "FoodTracker" */ = {
			isa = XCConfigurationList;
			buildConfigurations = (
				485C9AAA1F3E0E0400BA6CBD /* Debug */,
				485C9AAB1F3E0E0400BA6CBD /* Release */,
			);
			defaultConfigurationIsVisible = 0;
			defaultConfigurationName = Release;
		};
		485C9AAC1F3E0E0400BA6CBD /* Build configuration list for PBXNativeTarget "FoodTrackerTests" */ = {
			isa = XCConfigurationList;
			buildConfigurations = (
				485C9AAD1F3E0E0400BA6CBD /* Debug */,
				485C9AAE1F3E0E0400BA6CBD /* Release */,
			);
			defaultConfigurationIsVisible = 0;
			defaultConfigurationName = Release;
		};
/* End XCConfigurationList section */
	};
	rootObject = 485C9A841F3E0E0400BA6CBD /* Project object */;
}
